// !$*UTF8*$!
{
	archiveVersion = 1;
	classes = {
	};
	objectVersion = 46;
	objects = {

/* Begin PBXBuildFile section */
		740DC7581C4C828000E029C8 /* main.m in Sources */ = {isa = PBXBuildFile; fileRef = 740DC7571C4C828000E029C8 /* main.m */; };
		740DC75B1C4C828000E029C8 /* AppDelegate.m in Sources */ = {isa = PBXBuildFile; fileRef = 740DC75A1C4C828000E029C8 /* AppDelegate.m */; };
		740DC75E1C4C828000E029C8 /* ViewController.m in Sources */ = {isa = PBXBuildFile; fileRef = 740DC75D1C4C828000E029C8 /* ViewController.m */; };
		740DC7611C4C828000E029C8 /* Main.storyboard in Resources */ = {isa = PBXBuildFile; fileRef = 740DC75F1C4C828000E029C8 /* Main.storyboard */; };
		740DC7631C4C828000E029C8 /* Assets.xcassets in Resources */ = {isa = PBXBuildFile; fileRef = 740DC7621C4C828000E029C8 /* Assets.xcassets */; };
		740DC7661C4C828000E029C8 /* LaunchScreen.storyboard in Resources */ = {isa = PBXBuildFile; fileRef = 740DC7641C4C828000E029C8 /* LaunchScreen.storyboard */; };
		740DC7711C4C828000E029C8 /* ______Tests.m in Sources */ = {isa = PBXBuildFile; fileRef = 740DC7701C4C828000E029C8 /* ______Tests.m */; };
		740DC77C1C4C828000E029C8 /* ______UITests.m in Sources */ = {isa = PBXBuildFile; fileRef = 740DC77B1C4C828000E029C8 /* ______UITests.m */; };
/* End PBXBuildFile section */

/* Begin PBXContainerItemProxy section */
		740DC76D1C4C828000E029C8 /* PBXContainerItemProxy */ = {
			isa = PBXContainerItemProxy;
			containerPortal = 740DC74B1C4C828000E029C8 /* Project object */;
			proxyType = 1;
			remoteGlobalIDString = 740DC7521C4C828000E029C8;
			remoteInfo = "本地推送练习";
		};
		740DC7781C4C828000E029C8 /* PBXContainerItemProxy */ = {
			isa = PBXContainerItemProxy;
			containerPortal = 740DC74B1C4C828000E029C8 /* Project object */;
			proxyType = 1;
			remoteGlobalIDString = 740DC7521C4C828000E029C8;
			remoteInfo = "本地推送练习";
		};
/* End PBXContainerItemProxy section */

/* Begin PBXFileReference section */
		740DC7531C4C828000E029C8 /* 本地推送练习.app */ = {isa = PBXFileReference; explicitFileType = wrapper.application; includeInIndex = 0; path = "本地推送练习.app"; sourceTree = BUILT_PRODUCTS_DIR; };
		740DC7571C4C828000E029C8 /* main.m */ = {isa = PBXFileReference; lastKnownFileType = sourcecode.c.objc; path = main.m; sourceTree = "<group>"; };
		740DC7591C4C828000E029C8 /* AppDelegate.h */ = {isa = PBXFileReference; lastKnownFileType = sourcecode.c.h; path = AppDelegate.h; sourceTree = "<group>"; };
		740DC75A1C4C828000E029C8 /* AppDelegate.m */ = {isa = PBXFileReference; lastKnownFileType = sourcecode.c.objc; path = AppDelegate.m; sourceTree = "<group>"; };
		740DC75C1C4C828000E029C8 /* ViewController.h */ = {isa = PBXFileReference; lastKnownFileType = sourcecode.c.h; path = ViewController.h; sourceTree = "<group>"; };
		740DC75D1C4C828000E029C8 /* ViewController.m */ = {isa = PBXFileReference; lastKnownFileType = sourcecode.c.objc; path = ViewController.m; sourceTree = "<group>"; };
		740DC7601C4C828000E029C8 /* Base */ = {isa = PBXFileReference; lastKnownFileType = file.storyboard; name = Base; path = Base.lproj/Main.storyboard; sourceTree = "<group>"; };
		740DC7621C4C828000E029C8 /* Assets.xcassets */ = {isa = PBXFileReference; lastKnownFileType = folder.assetcatalog; path = Assets.xcassets; sourceTree = "<group>"; };
		740DC7651C4C828000E029C8 /* Base */ = {isa = PBXFileReference; lastKnownFileType = file.storyboard; name = Base; path = Base.lproj/LaunchScreen.storyboard; sourceTree = "<group>"; };
		740DC7671C4C828000E029C8 /* Info.plist */ = {isa = PBXFileReference; lastKnownFileType = text.plist.xml; path = Info.plist; sourceTree = "<group>"; };
		740DC76C1C4C828000E029C8 /* 本地推送练习Tests.xctest */ = {isa = PBXFileReference; explicitFileType = wrapper.cfbundle; includeInIndex = 0; path = "本地推送练习Tests.xctest"; sourceTree = BUILT_PRODUCTS_DIR; };
		740DC7701C4C828000E029C8 /* ______Tests.m */ = {isa = PBXFileReference; lastKnownFileType = sourcecode.c.objc; path = "______Tests.m"; sourceTree = "<group>"; };
		740DC7721C4C828000E029C8 /* Info.plist */ = {isa = PBXFileReference; lastKnownFileType = text.plist.xml; path = Info.plist; sourceTree = "<group>"; };
		740DC7771C4C828000E029C8 /* 本地推送练习UITests.xctest */ = {isa = PBXFileReference; explicitFileType = wrapper.cfbundle; includeInIndex = 0; path = "本地推送练习UITests.xctest"; sourceTree = BUILT_PRODUCTS_DIR; };
		740DC77B1C4C828000E029C8 /* ______UITests.m */ = {isa = PBXFileReference; lastKnownFileType = sourcecode.c.objc; path = "______UITests.m"; sourceTree = "<group>"; };
		740DC77D1C4C828000E029C8 /* Info.plist */ = {isa = PBXFileReference; lastKnownFileType = text.plist.xml; path = Info.plist; sourceTree = "<group>"; };
/* End PBXFileReference section */

/* Begin PBXFrameworksBuildPhase section */
		740DC7501C4C828000E029C8 /* Frameworks */ = {
			isa = PBXFrameworksBuildPhase;
			buildActionMask = 2147483647;
			files = (
			);
			runOnlyForDeploymentPostprocessing = 0;
		};
		740DC7691C4C828000E029C8 /* Frameworks */ = {
			isa = PBXFrameworksBuildPhase;
			buildActionMask = 2147483647;
			files = (
			);
			runOnlyForDeploymentPostprocessing = 0;
		};
		740DC7741C4C828000E029C8 /* Frameworks */ = {
			isa = PBXFrameworksBuildPhase;
			buildActionMask = 2147483647;
			files = (
			);
			runOnlyForDeploymentPostprocessing = 0;
		};
/* End PBXFrameworksBuildPhase section */

/* Begin PBXGroup section */
		740DC74A1C4C828000E029C8 = {
			isa = PBXGroup;
			children = (
				740DC7551C4C828000E029C8 /* 本地推送练习 */,
				740DC76F1C4C828000E029C8 /* 本地推送练习Tests */,
				740DC77A1C4C828000E029C8 /* 本地推送练习UITests */,
				740DC7541C4C828000E029C8 /* Products */,
			);
			sourceTree = "<group>";
		};
		740DC7541C4C828000E029C8 /* Products */ = {
			isa = PBXGroup;
			children = (
				740DC7531C4C828000E029C8 /* 本地推送练习.app */,
				740DC76C1C4C828000E029C8 /* 本地推送练习Tests.xctest */,
				740DC7771C4C828000E029C8 /* 本地推送练习UITests.xctest */,
			);
			name = Products;
			sourceTree = "<group>";
		};
		740DC7551C4C828000E029C8 /* 本地推送练习 */ = {
			isa = PBXGroup;
			children = (
				740DC7591C4C828000E029C8 /* AppDelegate.h */,
				740DC75A1C4C828000E029C8 /* AppDelegate.m */,
				740DC75C1C4C828000E029C8 /* ViewController.h */,
				740DC75D1C4C828000E029C8 /* ViewController.m */,
				740DC75F1C4C828000E029C8 /* Main.storyboard */,
				740DC7621C4C828000E029C8 /* Assets.xcassets */,
				740DC7641C4C828000E029C8 /* LaunchScreen.storyboard */,
				740DC7671C4C828000E029C8 /* Info.plist */,
				740DC7561C4C828000E029C8 /* Supporting Files */,
			);
			path = "本地推送练习";
			sourceTree = "<group>";
		};
		740DC7561C4C828000E029C8 /* Supporting Files */ = {
			isa = PBXGroup;
			children = (
				740DC7571C4C828000E029C8 /* main.m */,
			);
			name = "Supporting Files";
			sourceTree = "<group>";
		};
		740DC76F1C4C828000E029C8 /* 本地推送练习Tests */ = {
			isa = PBXGroup;
			children = (
				740DC7701C4C828000E029C8 /* ______Tests.m */,
				740DC7721C4C828000E029C8 /* Info.plist */,
			);
			path = "本地推送练习Tests";
			sourceTree = "<group>";
		};
		740DC77A1C4C828000E029C8 /* 本地推送练习UITests */ = {
			isa = PBXGroup;
			children = (
				740DC77B1C4C828000E029C8 /* ______UITests.m */,
				740DC77D1C4C828000E029C8 /* Info.plist */,
			);
			path = "本地推送练习UITests";
			sourceTree = "<group>";
		};
/* End PBXGroup section */

/* Begin PBXNativeTarget section */
		740DC7521C4C828000E029C8 /* 本地推送练习 */ = {
			isa = PBXNativeTarget;
			buildConfigurationList = 740DC7801C4C828000E029C8 /* Build configuration list for PBXNativeTarget "本地推送练习" */;
			buildPhases = (
				740DC74F1C4C828000E029C8 /* Sources */,
				740DC7501C4C828000E029C8 /* Frameworks */,
				740DC7511C4C828000E029C8 /* Resources */,
			);
			buildRules = (
			);
			dependencies = (
			);
			name = "本地推送练习";
			productName = "本地推送练习";
			productReference = 740DC7531C4C828000E029C8 /* 本地推送练习.app */;
			productType = "com.apple.product-type.application";
		};
		740DC76B1C4C828000E029C8 /* 本地推送练习Tests */ = {
			isa = PBXNativeTarget;
			buildConfigurationList = 740DC7831C4C828000E029C8 /* Build configuration list for PBXNativeTarget "本地推送练习Tests" */;
			buildPhases = (
				740DC7681C4C828000E029C8 /* Sources */,
				740DC7691C4C828000E029C8 /* Frameworks */,
				740DC76A1C4C828000E029C8 /* Resources */,
			);
			buildRules = (
			);
			dependencies = (
				740DC76E1C4C828000E029C8 /* PBXTargetDependency */,
			);
			name = "本地推送练习Tests";
			productName = "本地推送练习Tests";
			productReference = 740DC76C1C4C828000E029C8 /* 本地推送练习Tests.xctest */;
			productType = "com.apple.product-type.bundle.unit-test";
		};
		740DC7761C4C828000E029C8 /* 本地推送练习UITests */ = {
			isa = PBXNativeTarget;
			buildConfigurationList = 740DC7861C4C828000E029C8 /* Build configuration list for PBXNativeTarget "本地推送练习UITests" */;
			buildPhases = (
				740DC7731C4C828000E029C8 /* Sources */,
				740DC7741C4C828000E029C8 /* Frameworks */,
				740DC7751C4C828000E029C8 /* Resources */,
			);
			buildRules = (
			);
			dependencies = (
				740DC7791C4C828000E029C8 /* PBXTargetDependency */,
			);
			name = "本地推送练习UITests";
			productName = "本地推送练习UITests";
			productReference = 740DC7771C4C828000E029C8 /* 本地推送练习UITests.xctest */;
			productType = "com.apple.product-type.bundle.ui-testing";
		};
/* End PBXNativeTarget section */

/* Begin PBXProject section */
		740DC74B1C4C828000E029C8 /* Project object */ = {
			isa = PBXProject;
			attributes = {
				LastUpgradeCheck = 0710;
				ORGANIZATIONNAME = "尹晓明";
				TargetAttributes = {
					740DC7521C4C828000E029C8 = {
						CreatedOnToolsVersion = 7.1.1;
						DevelopmentTeam = LH3UMAEJH5;
					};
					740DC76B1C4C828000E029C8 = {
						CreatedOnToolsVersion = 7.1.1;
						DevelopmentTeam = LH3UMAEJH5;
						TestTargetID = 740DC7521C4C828000E029C8;
					};
					740DC7761C4C828000E029C8 = {
						CreatedOnToolsVersion = 7.1.1;
						DevelopmentTeam = LH3UMAEJH5;
						TestTargetID = 740DC7521C4C828000E029C8;
					};
				};
			};
			buildConfigurationList = 740DC74E1C4C828000E029C8 /* Build configuration list for PBXProject "本地推送练习" */;
			compatibilityVersion = "Xcode 3.2";
			developmentRegion = English;
			hasScannedForEncodings = 0;
			knownRegions = (
				en,
				Base,
			);
			mainGroup = 740DC74A1C4C828000E029C8;
			productRefGroup = 740DC7541C4C828000E029C8 /* Products */;
			projectDirPath = "";
			projectRoot = "";
			targets = (
				740DC7521C4C828000E029C8 /* 本地推送练习 */,
				740DC76B1C4C828000E029C8 /* 本地推送练习Tests */,
				740DC7761C4C828000E029C8 /* 本地推送练习UITests */,
			);
		};
/* End PBXProject section */

/* Begin PBXResourcesBuildPhase section */
		740DC7511C4C828000E029C8 /* Resources */ = {
			isa = PBXResourcesBuildPhase;
			buildActionMask = 2147483647;
			files = (
				740DC7661C4C828000E029C8 /* LaunchScreen.storyboard in Resources */,
				740DC7631C4C828000E029C8 /* Assets.xcassets in Resources */,
				740DC7611C4C828000E029C8 /* Main.storyboard in Resources */,
			);
			runOnlyForDeploymentPostprocessing = 0;
		};
		740DC76A1C4C828000E029C8 /* Resources */ = {
			isa = PBXResourcesBuildPhase;
			buildActionMask = 2147483647;
			files = (
			);
			runOnlyForDeploymentPostprocessing = 0;
		};
		740DC7751C4C828000E029C8 /* Resources */ = {
			isa = PBXResourcesBuildPhase;
			buildActionMask = 2147483647;
			files = (
			);
			runOnlyForDeploymentPostprocessing = 0;
		};
/* End PBXResourcesBuildPhase section */

/* Begin PBXSourcesBuildPhase section */
		740DC74F1C4C828000E029C8 /* Sources */ = {
			isa = PBXSourcesBuildPhase;
			buildActionMask = 2147483647;
			files = (
				740DC75E1C4C828000E029C8 /* ViewController.m in Sources */,
				740DC75B1C4C828000E029C8 /* AppDelegate.m in Sources */,
				740DC7581C4C828000E029C8 /* main.m in Sources */,
			);
			runOnlyForDeploymentPostprocessing = 0;
		};
		740DC7681C4C828000E029C8 /* Sources */ = {
			isa = PBXSourcesBuildPhase;
			buildActionMask = 2147483647;
			files = (
				740DC7711C4C828000E029C8 /* ______Tests.m in Sources */,
			);
			runOnlyForDeploymentPostprocessing = 0;
		};
		740DC7731C4C828000E029C8 /* Sources */ = {
			isa = PBXSourcesBuildPhase;
			buildActionMask = 2147483647;
			files = (
				740DC77C1C4C828000E029C8 /* ______UITests.m in Sources */,
			);
			runOnlyForDeploymentPostprocessing = 0;
		};
/* End PBXSourcesBuildPhase section */

/* Begin PBXTargetDependency section */
		740DC76E1C4C828000E029C8 /* PBXTargetDependency */ = {
			isa = PBXTargetDependency;
			target = 740DC7521C4C828000E029C8 /* 本地推送练习 */;
			targetProxy = 740DC76D1C4C828000E029C8 /* PBXContainerItemProxy */;
		};
		740DC7791C4C828000E029C8 /* PBXTargetDependency */ = {
			isa = PBXTargetDependency;
			target = 740DC7521C4C828000E029C8 /* 本地推送练习 */;
			targetProxy = 740DC7781C4C828000E029C8 /* PBXContainerItemProxy */;
		};
/* End PBXTargetDependency section */

/* Begin PBXVariantGroup section */
		740DC75F1C4C828000E029C8 /* Main.storyboard */ = {
			isa = PBXVariantGroup;
			children = (
				740DC7601C4C828000E029C8 /* Base */,
			);
			name = Main.storyboard;
			sourceTree = "<group>";
		};
		740DC7641C4C828000E029C8 /* LaunchScreen.storyboard */ = {
			isa = PBXVariantGroup;
			children = (
				740DC7651C4C828000E029C8 /* Base */,
			);
			name = LaunchScreen.storyboard;
			sourceTree = "<group>";
		};
/* End PBXVariantGroup section */

/* Begin XCBuildConfiguration section */
		740DC77E1C4C828000E029C8 /* Debug */ = {
			isa = XCBuildConfiguration;
			buildSettings = {
				ALWAYS_SEARCH_USER_PATHS = NO;
				CLANG_CXX_LANGUAGE_STANDARD = "gnu++0x";
				CLANG_CXX_LIBRARY = "libc++";
				CLANG_ENABLE_MODULES = YES;
				CLANG_ENABLE_OBJC_ARC = YES;
				CLANG_WARN_BOOL_CONVERSION = YES;
				CLANG_WARN_CONSTANT_CONVERSION = YES;
				CLANG_WARN_DIRECT_OBJC_ISA_USAGE = YES_ERROR;
				CLANG_WARN_EMPTY_BODY = YES;
				CLANG_WARN_ENUM_CONVERSION = YES;
				CLANG_WARN_INT_CONVERSION = YES;
				CLANG_WARN_OBJC_ROOT_CLASS = YES_ERROR;
				CLANG_WARN_UNREACHABLE_CODE = YES;
				CLANG_WARN__DUPLICATE_METHOD_MATCH = YES;
				"CODE_SIGN_IDENTITY[sdk=iphoneos*]" = "iPhone Developer";
				COPY_PHASE_STRIP = NO;
				DEBUG_INFORMATION_FORMAT = dwarf;
				ENABLE_STRICT_OBJC_MSGSEND = YES;
				ENABLE_TESTABILITY = YES;
				GCC_C_LANGUAGE_STANDARD = gnu99;
				GCC_DYNAMIC_NO_PIC = NO;
				GCC_NO_COMMON_BLOCKS = YES;
				GCC_OPTIMIZATION_LEVEL = 0;
				GCC_PREPROCESSOR_DEFINITIONS = (
					"DEBUG=1",
					"$(inherited)",
				);
				GCC_WARN_64_TO_32_BIT_CONVERSION = YES;
				GCC_WARN_ABOUT_RETURN_TYPE = YES_ERROR;
				GCC_WARN_UNDECLARED_SELECTOR = YES;
				GCC_WARN_UNINITIALIZED_AUTOS = YES_AGGRESSIVE;
				GCC_WARN_UNUSED_FUNCTION = YES;
				GCC_WARN_UNUSED_VARIABLE = YES;
				IPHONEOS_DEPLOYMENT_TARGET = 9.1;
				MTL_ENABLE_DEBUG_INFO = YES;
				ONLY_ACTIVE_ARCH = YES;
				SDKROOT = iphoneos;
				TARGETED_DEVICE_FAMILY = "1,2";
			};
			name = Debug;
		};
		740DC77F1C4C828000E029C8 /* Release */ = {
			isa = XCBuildConfiguration;
			buildSettings = {
				ALWAYS_SEARCH_USER_PATHS = NO;
				CLANG_CXX_LANGUAGE_STANDARD = "gnu++0x";
				CLANG_CXX_LIBRARY = "libc++";
				CLANG_ENABLE_MODULES = YES;
				CLANG_ENABLE_OBJC_ARC = YES;
				CLANG_WARN_BOOL_CONVERSION = YES;
				CLANG_WARN_CONSTANT_CONVERSION = YES;
				CLANG_WARN_DIRECT_OBJC_ISA_USAGE = YES_ERROR;
				CLANG_WARN_EMPTY_BODY = YES;
				CLANG_WARN_ENUM_CONVERSION = YES;
				CLANG_WARN_INT_CONVERSION = YES;
				CLANG_WARN_OBJC_ROOT_CLASS = YES_ERROR;
				CLANG_WARN_UNREACHABLE_CODE = YES;
				CLANG_WARN__DUPLICATE_METHOD_MATCH = YES;
				"CODE_SIGN_IDENTITY[sdk=iphoneos*]" = "iPhone Developer";
				COPY_PHASE_STRIP = NO;
				DEBUG_INFORMATION_FORMAT = "dwarf-with-dsym";
				ENABLE_NS_ASSERTIONS = NO;
				ENABLE_STRICT_OBJC_MSGSEND = YES;
				GCC_C_LANGUAGE_STANDARD = gnu99;
				GCC_NO_COMMON_BLOCKS = YES;
				GCC_WARN_64_TO_32_BIT_CONVERSION = YES;
				GCC_WARN_ABOUT_RETURN_TYPE = YES_ERROR;
				GCC_WARN_UNDECLARED_SELECTOR = YES;
				GCC_WARN_UNINITIALIZED_AUTOS = YES_AGGRESSIVE;
				GCC_WARN_UNUSED_FUNCTION = YES;
				GCC_WARN_UNUSED_VARIABLE = YES;
				IPHONEOS_DEPLOYMENT_TARGET = 9.1;
				MTL_ENABLE_DEBUG_INFO = NO;
				SDKROOT = iphoneos;
				TARGETED_DEVICE_FAMILY = "1,2";
				VALIDATE_PRODUCT = YES;
			};
			name = Release;
		};
		740DC7811C4C828000E029C8 /* Debug */ = {
			isa = XCBuildConfiguration;
			buildSettings = {
				ASSETCATALOG_COMPILER_APPICON_NAME = AppIcon;
				INFOPLIST_FILE = "本地推送练习/Info.plist";
				LD_RUNPATH_SEARCH_PATHS = "$(inherited) @executable_path/Frameworks";
				PRODUCT_BUNDLE_IDENTIFIER = "com.yinxiaoming.------";
				PRODUCT_NAME = "$(TARGET_NAME)";
			};
			name = Debug;
		};
		740DC7821C4C828000E029C8 /* Release */ = {
			isa = XCBuildConfiguration;
			buildSettings = {
				ASSETCATALOG_COMPILER_APPICON_NAME = AppIcon;
				INFOPLIST_FILE = "本地推送练习/Info.plist";
				LD_RUNPATH_SEARCH_PATHS = "$(inherited) @executable_path/Frameworks";
				PRODUCT_BUNDLE_IDENTIFIER = "com.yinxiaoming.------";
				PRODUCT_NAME = "$(TARGET_NAME)";
			};
			name = Release;
		};
		740DC7841C4C828000E029C8 /* Debug */ = {
			isa = XCBuildConfiguration;
			buildSettings = {
				BUNDLE_LOADER = "$(TEST_HOST)";
				INFOPLIST_FILE = "本地推送练习Tests/Info.plist";
				LD_RUNPATH_SEARCH_PATHS = "$(inherited) @executable_path/Frameworks @loader_path/Frameworks";
				PRODUCT_BUNDLE_IDENTIFIER = "com.yinxiaoming.------Tests";
				PRODUCT_NAME = "$(TARGET_NAME)";
				TEST_HOST = "$(BUILT_PRODUCTS_DIR)/本地推送练习.app/本地推送练习";
			};
			name = Debug;
		};
		740DC7851C4C828000E029C8 /* Release */ = {
			isa = XCBuildConfiguration;
			buildSettings = {
				BUNDLE_LOADER = "$(TEST_HOST)";
				INFOPLIST_FILE = "本地推送练习Tests/Info.plist";
				LD_RUNPATH_SEARCH_PATHS = "$(inherited) @executable_path/Frameworks @loader_path/Frameworks";
				PRODUCT_BUNDLE_IDENTIFIER = "com.yinxiaoming.------Tests";
				PRODUCT_NAME = "$(TARGET_NAME)";
				TEST_HOST = "$(BUILT_PRODUCTS_DIR)/本地推送练习.app/本地推送练习";
			};
			name = Release;
		};
		740DC7871C4C828000E029C8 /* Debug */ = {
			isa = XCBuildConfiguration;
			buildSettings = {
				INFOPLIST_FILE = "本地推送练习UITests/Info.plist";
				LD_RUNPATH_SEARCH_PATHS = "$(inherited) @executable_path/Frameworks @loader_path/Frameworks";
				PRODUCT_BUNDLE_IDENTIFIER = "com.yinxiaoming.------UITests";
				PRODUCT_NAME = "$(TARGET_NAME)";
				TEST_TARGET_NAME = "本地推送练习";
				USES_XCTRUNNER = YES;
			};
			name = Debug;
		};
		740DC7881C4C828000E029C8 /* Release */ = {
			isa = XCBuildConfiguration;
			buildSettings = {
				INFOPLIST_FILE = "本地推送练习UITests/Info.plist";
				LD_RUNPATH_SEARCH_PATHS = "$(inherited) @executable_path/Frameworks @loader_path/Frameworks";
				PRODUCT_BUNDLE_IDENTIFIER = "com.yinxiaoming.------UITests";
				PRODUCT_NAME = "$(TARGET_NAME)";
				TEST_TARGET_NAME = "本地推送练习";
				USES_XCTRUNNER = YES;
			};
			name = Release;
		};
/* End XCBuildConfiguration section */

/* Begin XCConfigurationList section */
		740DC74E1C4C828000E029C8 /* Build configuration list for PBXProject "本地推送练习" */ = {
			isa = XCConfigurationList;
			buildConfigurations = (
				740DC77E1C4C828000E029C8 /* Debug */,
				740DC77F1C4C828000E029C8 /* Release */,
			);
			defaultConfigurationIsVisible = 0;
			defaultConfigurationName = Release;
		};
		740DC7801C4C828000E029C8 /* Build configuration list for PBXNativeTarget "本地推送练习" */ = {
			isa = XCConfigurationList;
			buildConfigurations = (
				740DC7811C4C828000E029C8 /* Debug */,
				740DC7821C4C828000E029C8 /* Release */,
			);
			defaultConfigurationIsVisible = 0;
		};
		740DC7831C4C828000E029C8 /* Build configuration list for PBXNativeTarget "本地推送练习Tests" */ = {
			isa = XCConfigurationList;
			buildConfigurations = (
				740DC7841C4C828000E029C8 /* Debug */,
				740DC7851C4C828000E029C8 /* Release */,
			);
			defaultConfigurationIsVisible = 0;
		};
		740DC7861C4C828000E029C8 /* Build configuration list for PBXNativeTarget "本地推送练习UITests" */ = {
			isa = XCConfigurationList;
			buildConfigurations = (
				740DC7871C4C828000E029C8 /* Debug */,
				740DC7881C4C828000E029C8 /* Release */,
			);
			defaultConfigurationIsVisible = 0;
		};
/* End XCConfigurationList section */
	};
	rootObject = 740DC74B1C4C828000E029C8 /* Project object */;
}
